
Microsoft Visual Studio Solution File, Format Version 12.00
# Visual Studio Version 16
VisualStudioVersion = 16.0.31613.86
MinimumVisualStudioVersion = 10.0.40219.1
Project("{FAE04EC0-301F-11D3-BF4B-00C04F79EFBC}") = "RESTfulAPI", "RESTfulAPI\RESTfulAPI.csproj", "{DF8395D2-2A96-486A-8FBA-9AF54B96B326}"
EndProject
Global
	GlobalSection(SolutionConfigurationPlatforms) = preSolution
		Debug|Any CPU = Debug|Any CPU
		Release|Any CPU = Release|Any CPU
	EndGlobalSection
	GlobalSection(ProjectConfigurationPlatforms) = postSolution
		{DF8395D2-2A96-486A-8FBA-9AF54B96B326}.Debug|Any CPU.ActiveCfg = Debug|Any CPU
		{DF8395D2-2A96-486A-8FBA-9AF54B96B326}.Debug|Any CPU.Build.0 = Debug|Any CPU
		{DF8395D2-2A96-486A-8FBA-9AF54B96B326}.Release|Any CPU.ActiveCfg = Release|Any CPU
		{DF8395D2-2A96-486A-8FBA-9AF54B96B326}.Release|Any CPU.Build.0 = Release|Any CPU
	EndGlobalSection
	GlobalSection(SolutionProperties) = preSolution
		HideSolutionNode = FALSE
	EndGlobalSection
	GlobalSection(ExtensibilityGlobals) = postSolution
		SolutionGuid = {3A1F4542-1907-49E5-B078-D51720547004}
	EndGlobalSection
EndGlobal
